
Microsoft Visual Studio Solution File, Format Version 12.00
Project("{2150E333-8FDC-42A3-9474-1A3956D46DE8}") = "mac", "mac", "{F0DA37E4-C3F5-4149-9ED3-7C758CCDAB4C}"
EndProject
Project("{FAE04EC0-301F-11D3-BF4B-00C04F79EFBC}") = "mac", "src\mac\mac.csproj", "{74716ED5-334C-408F-A2A7-5B02A159761C}"
EndProject
Global
	GlobalSection(SolutionConfigurationPlatforms) = preSolution
		Debug|Any CPU = Debug|Any CPU
		Release|Any CPU = Release|Any CPU
	EndGlobalSection
	GlobalSection(NestedProjects) = preSolution
		{74716ED5-334C-408F-A2A7-5B02A159761C} = {F0DA37E4-C3F5-4149-9ED3-7C758CCDAB4C}
	EndGlobalSection
	GlobalSection(ProjectConfigurationPlatforms) = postSolution
		{74716ED5-334C-408F-A2A7-5B02A159761C}.Debug|Any CPU.ActiveCfg = Debug|Any CPU
		{74716ED5-334C-408F-A2A7-5B02A159761C}.Debug|Any CPU.Build.0 = Debug|Any CPU
		{74716ED5-334C-408F-A2A7-5B02A159761C}.Release|Any CPU.ActiveCfg = Release|Any CPU
		{74716ED5-334C-408F-A2A7-5B02A159761C}.Release|Any CPU.Build.0 = Release|Any CPU
	EndGlobalSection
EndGlobal
